
Microsoft Visual Studio Solution File, Format Version 12.00
# Visual Studio Version 17
VisualStudioVersion = 17.3.32804.467
MinimumVisualStudioVersion = 10.0.40219.1
Project("{9A19103F-16F7-4668-BE54-9A1E7A4F7556}") = "ChatClub.Web", "src\ChatClub.Web\ChatClub.Web.csproj", "{B62BB20A-2CED-431E-9A2D-1D8A7EB99EAE}"
EndProject
Project("{9A19103F-16F7-4668-BE54-9A1E7A4F7556}") = "ChatClub.Domain", "src\ChatClub.Domain\ChatClub.Domain.csproj", "{ECB2E681-6110-457D-B150-075450F61B92}"
EndProject
Project("{9A19103F-16F7-4668-BE54-9A1E7A4F7556}") = "ChatClub.Infrastructure", "src\ChatClub.Infrastructure\ChatClub.Infrastructure.csproj", "{C284AB12-31C6-45A6-9EE5-98154A9CC62D}"
EndProject
Project("{9A19103F-16F7-4668-BE54-9A1E7A4F7556}") = "ChatClub.Application", "src\ChatClub.Application\ChatClub.Application.csproj", "{A526F6DE-90F4-44EA-9040-E46357EE6B5A}"
EndProject
Project("{FAE04EC0-301F-11D3-BF4B-00C04F79EFBC}") = "ChatClub.Bot", "src\ChatClub.Bot\ChatClub.Bot.csproj", "{654C032D-08FC-4D4D-8CC0-E0815EBB519E}"
EndProject
Global
	GlobalSection(SolutionConfigurationPlatforms) = preSolution
		Debug|Any CPU = Debug|Any CPU
		Release|Any CPU = Release|Any CPU
	EndGlobalSection
	GlobalSection(ProjectConfigurationPlatforms) = postSolution
		{B62BB20A-2CED-431E-9A2D-1D8A7EB99EAE}.Debug|Any CPU.ActiveCfg = Debug|Any CPU
		{B62BB20A-2CED-431E-9A2D-1D8A7EB99EAE}.Debug|Any CPU.Build.0 = Debug|Any CPU
		{B62BB20A-2CED-431E-9A2D-1D8A7EB99EAE}.Release|Any CPU.ActiveCfg = Release|Any CPU
		{B62BB20A-2CED-431E-9A2D-1D8A7EB99EAE}.Release|Any CPU.Build.0 = Release|Any CPU
		{ECB2E681-6110-457D-B150-075450F61B92}.Debug|Any CPU.ActiveCfg = Debug|Any CPU
		{ECB2E681-6110-457D-B150-075450F61B92}.Debug|Any CPU.Build.0 = Debug|Any CPU
		{ECB2E681-6110-457D-B150-075450F61B92}.Release|Any CPU.ActiveCfg = Release|Any CPU
		{ECB2E681-6110-457D-B150-075450F61B92}.Release|Any CPU.Build.0 = Release|Any CPU
		{C284AB12-31C6-45A6-9EE5-98154A9CC62D}.Debug|Any CPU.ActiveCfg = Debug|Any CPU
		{C284AB12-31C6-45A6-9EE5-98154A9CC62D}.Debug|Any CPU.Build.0 = Debug|Any CPU
		{C284AB12-31C6-45A6-9EE5-98154A9CC62D}.Release|Any CPU.ActiveCfg = Release|Any CPU
		{C284AB12-31C6-45A6-9EE5-98154A9CC62D}.Release|Any CPU.Build.0 = Release|Any CPU
		{A526F6DE-90F4-44EA-9040-E46357EE6B5A}.Debug|Any CPU.ActiveCfg = Debug|Any CPU
		{A526F6DE-90F4-44EA-9040-E46357EE6B5A}.Debug|Any CPU.Build.0 = Debug|Any CPU
		{A526F6DE-90F4-44EA-9040-E46357EE6B5A}.Release|Any CPU.ActiveCfg = Release|Any CPU
		{A526F6DE-90F4-44EA-9040-E46357EE6B5A}.Release|Any CPU.Build.0 = Release|Any CPU
		{654C032D-08FC-4D4D-8CC0-E0815EBB519E}.Debug|Any CPU.ActiveCfg = Debug|Any CPU
		{654C032D-08FC-4D4D-8CC0-E0815EBB519E}.Debug|Any CPU.Build.0 = Debug|Any CPU
		{654C032D-08FC-4D4D-8CC0-E0815EBB519E}.Release|Any CPU.ActiveCfg = Release|Any CPU
		{654C032D-08FC-4D4D-8CC0-E0815EBB519E}.Release|Any CPU.Build.0 = Release|Any CPU
	EndGlobalSection
	GlobalSection(SolutionProperties) = preSolution
		HideSolutionNode = FALSE
	EndGlobalSection
	GlobalSection(ExtensibilityGlobals) = postSolution
		SolutionGuid = {80AF3724-B7F4-4597-B362-8DD792EC1803}
	EndGlobalSection
EndGlobal
